
Microsoft Visual Studio Solution File, Format Version 12.00
# Visual Studio Version 16
VisualStudioVersion = 16.0.29613.14
MinimumVisualStudioVersion = 10.0.40219.1
Project("{FAE04EC0-301F-11D3-BF4B-00C04F79EFBC}") = "Reason 10 Discord Rich Precense", "Reason 10 Discord Rich Precense\Reason 10 Discord Rich Precense.csproj", "{A2899CD4-7782-408B-BF06-3C882D5EA480}"
EndProject
Global
	GlobalSection(SolutionConfigurationPlatforms) = preSolution
		Debug|Any CPU = Debug|Any CPU
		Release|Any CPU = Release|Any CPU
	EndGlobalSection
	GlobalSection(ProjectConfigurationPlatforms) = postSolution
		{A2899CD4-7782-408B-BF06-3C882D5EA480}.Debug|Any CPU.ActiveCfg = Debug|Any CPU
		{A2899CD4-7782-408B-BF06-3C882D5EA480}.Debug|Any CPU.Build.0 = Debug|Any CPU
		{A2899CD4-7782-408B-BF06-3C882D5EA480}.Release|Any CPU.ActiveCfg = Release|Any CPU
		{A2899CD4-7782-408B-BF06-3C882D5EA480}.Release|Any CPU.Build.0 = Release|Any CPU
	EndGlobalSection
	GlobalSection(SolutionProperties) = preSolution
		HideSolutionNode = FALSE
	EndGlobalSection
	GlobalSection(ExtensibilityGlobals) = postSolution
		SolutionGuid = {FC2286AC-442D-41CC-870F-8B01227709DC}
	EndGlobalSection
EndGlobal
